Microsoft Visual Studio Solution File, Format Version 8.00
Project("{FAE04EC0-301F-11D3-BF4B-00C04F79EFBC}") = "FlexWikiEngine", "EngineSource\FlexWikiEngine.csproj", "{7362F597-DAB3-437E-8A07-37D8D2FE6E56}"
	ProjectSection(ProjectDependencies) = postProject
	EndProjectSection
EndProject
Project("{FAE04EC0-301F-11D3-BF4B-00C04F79EFBC}") = "FlexWiki.UnitTests", "FlexWiki.UnitTests\FlexWiki.UnitTests.csproj", "{8CDE54DE-515A-4896-9772-EDDD13DDBF9B}"
	ProjectSection(ProjectDependencies) = postProject
	EndProjectSection
EndProject
Project("{FAE04EC0-301F-11D3-BF4B-00C04F79EFBC}") = "FlexWiki.Web", "FlexWiki.Web\FlexWiki.Web.csproj", "{0EE80D53-C65E-4AFE-953A-AB9160521890}"
	ProjectSection(ProjectDependencies) = postProject
		{5F81B8BC-C8F3-491A-8680-9531350E1744} = {5F81B8BC-C8F3-491A-8680-9531350E1744}
	EndProjectSection
EndProject
Project("{FAE04EC0-301F-11D3-BF4B-00C04F79EFBC}") = "wikidpad2flexwiki", "wikidpad2flexwiki\wikidpad2flexwiki.csproj", "{1A5B0074-9DF7-41B8-9857-F5A11A641F5B}"
	ProjectSection(ProjectDependencies) = postProject
	EndProjectSection
EndProject
Project("{FAE04EC0-301F-11D3-BF4B-00C04F79EFBC}") = "FlexBehaviorDebugger", "FlexBehaviorDebugger\FlexBehaviorDebugger.csproj", "{3452C68D-ED7B-4976-94B1-D6DBF3F7B723}"
	ProjectSection(ProjectDependencies) = postProject
	EndProjectSection
EndProject
Project("{FAE04EC0-301F-11D3-BF4B-00C04F79EFBC}") = "PrintTopic", "PrintTopic\PrintTopic.csproj", "{D9BCD915-BA03-48C7-89C9-0B542BE76FDB}"
	ProjectSection(ProjectDependencies) = postProject
	EndProjectSection
EndProject
Project("{FAE04EC0-301F-11D3-BF4B-00C04F79EFBC}") = "CalendarProvider", "CalendarProvider\CalendarProvider.csproj", "{5F81B8BC-C8F3-491A-8680-9531350E1744}"
	ProjectSection(ProjectDependencies) = postProject
	EndProjectSection
EndProject
Project("{FAE04EC0-301F-11D3-BF4B-00C04F79EFBC}") = "FlexWiki.Web.Services", "FlexWiki.Web.Service\FlexWiki.Web.Services.csproj", "{374C1AEF-4BE6-41AA-9100-9BA48AEEBEF8}"
	ProjectSection(ProjectDependencies) = postProject
	EndProjectSection
EndProject
Project("{FAE04EC0-301F-11D3-BF4B-00C04F79EFBC}") = "CreatePerfCounters", "CreatePerformanceCounters\CreatePerfCounters.csproj", "{4F58F3F4-204B-47CB-9C4E-4576C758F742}"
	ProjectSection(ProjectDependencies) = postProject
	EndProjectSection
EndProject
Project("{FAE04EC0-301F-11D3-BF4B-00C04F79EFBC}") = "BuildVerificationTests", "BuildVerificationTests\BuildVerificationTests.csproj", "{98161BF9-0C24-4E74-AE7B-B6E0FB70700D}"
	ProjectSection(ProjectDependencies) = postProject
	EndProjectSection
EndProject
Project("{FAE04EC0-301F-11D3-BF4B-00C04F79EFBC}") = "SqlProvider", "SqlProvider\SqlProvider.csproj", "{216838B1-BDE9-45C6-B6BF-F9D7F10882DB}"
	ProjectSection(ProjectDependencies) = postProject
	EndProjectSection
EndProject
Project("{FAE04EC0-301F-11D3-BF4B-00C04F79EFBC}") = "SqlProvider.UnitTests", "SqlProvider.UnitTests\SqlProvider.UnitTests.csproj", "{2D24D9A9-884E-42AD-A643-2A988993ECE8}"
	ProjectSection(ProjectDependencies) = postProject
	EndProjectSection
EndProject
Project("{FAE04EC0-301F-11D3-BF4B-00C04F79EFBC}") = "SqlStoreManagerLib", "SqlStoreManagerLib\SqlStoreManagerLib.csproj", "{47F46CF2-B36A-48C7-A26C-6A20A8EC2E13}"
	ProjectSection(ProjectDependencies) = postProject
	EndProjectSection
EndProject
Project("{FAE04EC0-301F-11D3-BF4B-00C04F79EFBC}") = "SqlStoreManagerGui", "SqlStoreManagerGui\SqlStoreManagerGui.csproj", "{2D3D6848-3BCF-4FAB-B73D-859692867616}"
	ProjectSection(ProjectDependencies) = postProject
	EndProjectSection
EndProject
Project("{FAE04EC0-301F-11D3-BF4B-00C04F79EFBC}") = "SqlStoreManagerConsole", "SqlStoreManagerConsole\SqlStoreManagerConsole.csproj", "{C5AF9776-B696-42C8-876A-692A95AB9FEE}"
	ProjectSection(ProjectDependencies) = postProject
	EndProjectSection
EndProject
Global
	GlobalSection(SolutionConfiguration) = preSolution
		Debug = Debug
		Release = Release
	EndGlobalSection
	GlobalSection(ProjectConfiguration) = postSolution
		{7362F597-DAB3-437E-8A07-37D8D2FE6E56}.Debug.ActiveCfg = Debug|.NET
		{7362F597-DAB3-437E-8A07-37D8D2FE6E56}.Debug.Build.0 = Debug|.NET
		{7362F597-DAB3-437E-8A07-37D8D2FE6E56}.Release.ActiveCfg = Release|.NET
		{7362F597-DAB3-437E-8A07-37D8D2FE6E56}.Release.Build.0 = Release|.NET
		{8CDE54DE-515A-4896-9772-EDDD13DDBF9B}.Debug.ActiveCfg = Debug|.NET
		{8CDE54DE-515A-4896-9772-EDDD13DDBF9B}.Debug.Build.0 = Debug|.NET
		{8CDE54DE-515A-4896-9772-EDDD13DDBF9B}.Release.ActiveCfg = Release|.NET
		{8CDE54DE-515A-4896-9772-EDDD13DDBF9B}.Release.Build.0 = Release|.NET
		{0EE80D53-C65E-4AFE-953A-AB9160521890}.Debug.ActiveCfg = Debug|.NET
		{0EE80D53-C65E-4AFE-953A-AB9160521890}.Debug.Build.0 = Debug|.NET
		{0EE80D53-C65E-4AFE-953A-AB9160521890}.Release.ActiveCfg = Release|.NET
		{0EE80D53-C65E-4AFE-953A-AB9160521890}.Release.Build.0 = Release|.NET
		{1A5B0074-9DF7-41B8-9857-F5A11A641F5B}.Debug.ActiveCfg = Debug|.NET
		{1A5B0074-9DF7-41B8-9857-F5A11A641F5B}.Debug.Build.0 = Debug|.NET
		{1A5B0074-9DF7-41B8-9857-F5A11A641F5B}.Release.ActiveCfg = Release|.NET
		{1A5B0074-9DF7-41B8-9857-F5A11A641F5B}.Release.Build.0 = Release|.NET
		{3452C68D-ED7B-4976-94B1-D6DBF3F7B723}.Debug.ActiveCfg = Debug|.NET
		{3452C68D-ED7B-4976-94B1-D6DBF3F7B723}.Debug.Build.0 = Debug|.NET
		{3452C68D-ED7B-4976-94B1-D6DBF3F7B723}.Release.ActiveCfg = Release|.NET
		{3452C68D-ED7B-4976-94B1-D6DBF3F7B723}.Release.Build.0 = Release|.NET
		{D9BCD915-BA03-48C7-89C9-0B542BE76FDB}.Debug.ActiveCfg = Debug|.NET
		{D9BCD915-BA03-48C7-89C9-0B542BE76FDB}.Debug.Build.0 = Debug|.NET
		{D9BCD915-BA03-48C7-89C9-0B542BE76FDB}.Release.ActiveCfg = Release|.NET
		{D9BCD915-BA03-48C7-89C9-0B542BE76FDB}.Release.Build.0 = Release|.NET
		{5F81B8BC-C8F3-491A-8680-9531350E1744}.Debug.ActiveCfg = Debug|.NET
		{5F81B8BC-C8F3-491A-8680-9531350E1744}.Debug.Build.0 = Debug|.NET
		{5F81B8BC-C8F3-491A-8680-9531350E1744}.Release.ActiveCfg = Release|.NET
		{5F81B8BC-C8F3-491A-8680-9531350E1744}.Release.Build.0 = Release|.NET
		{374C1AEF-4BE6-41AA-9100-9BA48AEEBEF8}.Debug.ActiveCfg = Debug|.NET
		{374C1AEF-4BE6-41AA-9100-9BA48AEEBEF8}.Debug.Build.0 = Debug|.NET
		{374C1AEF-4BE6-41AA-9100-9BA48AEEBEF8}.Release.ActiveCfg = Release|.NET
		{374C1AEF-4BE6-41AA-9100-9BA48AEEBEF8}.Release.Build.0 = Release|.NET
		{4F58F3F4-204B-47CB-9C4E-4576C758F742}.Debug.ActiveCfg = Debug|.NET
		{4F58F3F4-204B-47CB-9C4E-4576C758F742}.Debug.Build.0 = Debug|.NET
		{4F58F3F4-204B-47CB-9C4E-4576C758F742}.Release.ActiveCfg = Release|.NET
		{4F58F3F4-204B-47CB-9C4E-4576C758F742}.Release.Build.0 = Release|.NET
		{98161BF9-0C24-4E74-AE7B-B6E0FB70700D}.Debug.ActiveCfg = Debug|.NET
		{98161BF9-0C24-4E74-AE7B-B6E0FB70700D}.Debug.Build.0 = Debug|.NET
		{98161BF9-0C24-4E74-AE7B-B6E0FB70700D}.Release.ActiveCfg = Release|.NET
		{98161BF9-0C24-4E74-AE7B-B6E0FB70700D}.Release.Build.0 = Release|.NET
		{216838B1-BDE9-45C6-B6BF-F9D7F10882DB}.Debug.ActiveCfg = Debug|.NET
		{216838B1-BDE9-45C6-B6BF-F9D7F10882DB}.Debug.Build.0 = Debug|.NET
		{216838B1-BDE9-45C6-B6BF-F9D7F10882DB}.Release.ActiveCfg = Release|.NET
		{216838B1-BDE9-45C6-B6BF-F9D7F10882DB}.Release.Build.0 = Release|.NET
		{2D24D9A9-884E-42AD-A643-2A988993ECE8}.Debug.ActiveCfg = Debug|.NET
		{2D24D9A9-884E-42AD-A643-2A988993ECE8}.Debug.Build.0 = Debug|.NET
		{2D24D9A9-884E-42AD-A643-2A988993ECE8}.Release.ActiveCfg = Release|.NET
		{2D24D9A9-884E-42AD-A643-2A988993ECE8}.Release.Build.0 = Release|.NET
		{47F46CF2-B36A-48C7-A26C-6A20A8EC2E13}.Debug.ActiveCfg = Debug|.NET
		{47F46CF2-B36A-48C7-A26C-6A20A8EC2E13}.Debug.Build.0 = Debug|.NET
		{47F46CF2-B36A-48C7-A26C-6A20A8EC2E13}.Release.ActiveCfg = Release|.NET
		{47F46CF2-B36A-48C7-A26C-6A20A8EC2E13}.Release.Build.0 = Release|.NET
		{2D3D6848-3BCF-4FAB-B73D-859692867616}.Debug.ActiveCfg = Debug|.NET
		{2D3D6848-3BCF-4FAB-B73D-859692867616}.Debug.Build.0 = Debug|.NET
		{2D3D6848-3BCF-4FAB-B73D-859692867616}.Release.ActiveCfg = Release|.NET
		{2D3D6848-3BCF-4FAB-B73D-859692867616}.Release.Build.0 = Release|.NET
		{C5AF9776-B696-42C8-876A-692A95AB9FEE}.Debug.ActiveCfg = Debug|.NET
		{C5AF9776-B696-42C8-876A-692A95AB9FEE}.Debug.Build.0 = Debug|.NET
		{C5AF9776-B696-42C8-876A-692A95AB9FEE}.Release.ActiveCfg = Release|.NET
		{C5AF9776-B696-42C8-876A-692A95AB9FEE}.Release.Build.0 = Release|.NET
	EndGlobalSection
	GlobalSection(SolutionItems) = postSolution
		Download NUnit.url = Download NUnit.url
	EndGlobalSection
	GlobalSection(ExtensibilityGlobals) = postSolution
	EndGlobalSection
	GlobalSection(ExtensibilityAddIns) = postSolution
	EndGlobalSection
EndGlobal
