
Microsoft Visual Studio Solution File, Format Version 9.00
# Visual Studio 2005
Project("{FAE04EC0-301F-11D3-BF4B-00C04F79EFBC}") = "WebTestConsole", "WebTestConsole.csproj", "{5BA40F7E-A9E2-48F8-A407-31212AEAAECD}"
	ProjectSection(WebsiteProperties) = preProject
		Debug.AspNetCompiler.Debug = "True"
		Release.AspNetCompiler.Debug = "False"
	EndProjectSection
EndProject
Global
	GlobalSection(SolutionConfigurationPlatforms) = preSolution
		Debug|Any CPU = Debug|Any CPU
		Release|Any CPU = Release|Any CPU
	EndGlobalSection
	GlobalSection(ProjectConfigurationPlatforms) = postSolution
		{5BA40F7E-A9E2-48F8-A407-31212AEAAECD}.Debug|Any CPU.ActiveCfg = Debug|Any CPU
		{5BA40F7E-A9E2-48F8-A407-31212AEAAECD}.Debug|Any CPU.Build.0 = Debug|Any CPU
		{5BA40F7E-A9E2-48F8-A407-31212AEAAECD}.Release|Any CPU.ActiveCfg = Release|Any CPU
		{5BA40F7E-A9E2-48F8-A407-31212AEAAECD}.Release|Any CPU.Build.0 = Release|Any CPU
	EndGlobalSection
	GlobalSection(SolutionProperties) = preSolution
		HideSolutionNode = FALSE
	EndGlobalSection
EndGlobal
